
Microsoft Visual Studio Solution File, Format Version 12.00
# Visual Studio Version 16
VisualStudioVersion = 16.0.29920.165
MinimumVisualStudioVersion = 10.0.40219.1
Project("{FAE04EC0-301F-11D3-BF4B-00C04F79EFBC}") = "LatestNews", "LatestNews\LatestNews.csproj", "{C34FCC75-40DE-42C9-876F-3A4DB1B823EC}"
EndProject
Global
	GlobalSection(SolutionConfigurationPlatforms) = preSolution
		Debug|Any CPU = Debug|Any CPU
		Release|Any CPU = Release|Any CPU
	EndGlobalSection
	GlobalSection(ProjectConfigurationPlatforms) = postSolution
		{C34FCC75-40DE-42C9-876F-3A4DB1B823EC}.Debug|Any CPU.ActiveCfg = Debug|Any CPU
		{C34FCC75-40DE-42C9-876F-3A4DB1B823EC}.Debug|Any CPU.Build.0 = Debug|Any CPU
		{C34FCC75-40DE-42C9-876F-3A4DB1B823EC}.Release|Any CPU.ActiveCfg = Release|Any CPU
		{C34FCC75-40DE-42C9-876F-3A4DB1B823EC}.Release|Any CPU.Build.0 = Release|Any CPU
	EndGlobalSection
	GlobalSection(SolutionProperties) = preSolution
		HideSolutionNode = FALSE
	EndGlobalSection
	GlobalSection(ExtensibilityGlobals) = postSolution
		SolutionGuid = {D3297913-8BB1-413F-827D-73B62B6659EB}
	EndGlobalSection
EndGlobal
